
Microsoft Visual Studio Solution File, Format Version 12.00
# Visual Studio Version 17
VisualStudioVersion = 17.2.32526.322
MinimumVisualStudioVersion = 10.0.40219.1
Project("{9A19103F-16F7-4668-BE54-9A1E7A4F7556}") = "LojaGeek.App", "src\LojaGeek.App\LojaGeek.App.csproj", "{2E6CB7D5-0FCE-47E6-B652-1C87A948FD84}"
EndProject
Project("{FAE04EC0-301F-11D3-BF4B-00C04F79EFBC}") = "LojaGeek.Business", "src\LojaGeek.Business\LojaGeek.Business.csproj", "{D5253DF7-E9FC-4BE5-AD7E-A3763F360FF2}"
EndProject
Project("{FAE04EC0-301F-11D3-BF4B-00C04F79EFBC}") = "LojaGeek.Data", "src\LojaGeek.Data\LojaGeek.Data.csproj", "{CDBBBE53-967C-4BDA-B365-98B39FF82DB1}"
EndProject
Global
	GlobalSection(SolutionConfigurationPlatforms) = preSolution
		Debug|Any CPU = Debug|Any CPU
		Release|Any CPU = Release|Any CPU
	EndGlobalSection
	GlobalSection(ProjectConfigurationPlatforms) = postSolution
		{2E6CB7D5-0FCE-47E6-B652-1C87A948FD84}.Debug|Any CPU.ActiveCfg = Debug|Any CPU
		{2E6CB7D5-0FCE-47E6-B652-1C87A948FD84}.Debug|Any CPU.Build.0 = Debug|Any CPU
		{2E6CB7D5-0FCE-47E6-B652-1C87A948FD84}.Release|Any CPU.ActiveCfg = Release|Any CPU
		{2E6CB7D5-0FCE-47E6-B652-1C87A948FD84}.Release|Any CPU.Build.0 = Release|Any CPU
		{D5253DF7-E9FC-4BE5-AD7E-A3763F360FF2}.Debug|Any CPU.ActiveCfg = Debug|Any CPU
		{D5253DF7-E9FC-4BE5-AD7E-A3763F360FF2}.Debug|Any CPU.Build.0 = Debug|Any CPU
		{D5253DF7-E9FC-4BE5-AD7E-A3763F360FF2}.Release|Any CPU.ActiveCfg = Release|Any CPU
		{D5253DF7-E9FC-4BE5-AD7E-A3763F360FF2}.Release|Any CPU.Build.0 = Release|Any CPU
		{CDBBBE53-967C-4BDA-B365-98B39FF82DB1}.Debug|Any CPU.ActiveCfg = Debug|Any CPU
		{CDBBBE53-967C-4BDA-B365-98B39FF82DB1}.Debug|Any CPU.Build.0 = Debug|Any CPU
		{CDBBBE53-967C-4BDA-B365-98B39FF82DB1}.Release|Any CPU.ActiveCfg = Release|Any CPU
		{CDBBBE53-967C-4BDA-B365-98B39FF82DB1}.Release|Any CPU.Build.0 = Release|Any CPU
	EndGlobalSection
	GlobalSection(SolutionProperties) = preSolution
		HideSolutionNode = FALSE
	EndGlobalSection
	GlobalSection(ExtensibilityGlobals) = postSolution
		SolutionGuid = {28FC800F-CE51-447A-87EC-882EBDD50E62}
	EndGlobalSection
EndGlobal
